
Microsoft Visual Studio Solution File, Format Version 12.00
# Visual Studio Version 16
VisualStudioVersion = 16.0.30523.141
MinimumVisualStudioVersion = 10.0.40219.1
Project("{FAE04EC0-301F-11D3-BF4B-00C04F79EFBC}") = "RIOFLIX123", "RIOFLIX123.csproj", "{2BA7E3EE-A9C0-4270-8A20-3834C440F636}"
EndProject
Global
	GlobalSection(SolutionConfigurationPlatforms) = preSolution
		Debug|Any CPU = Debug|Any CPU
		Release|Any CPU = Release|Any CPU
	EndGlobalSection
	GlobalSection(ProjectConfigurationPlatforms) = postSolution
		{2BA7E3EE-A9C0-4270-8A20-3834C440F636}.Debug|Any CPU.ActiveCfg = Debug|Any CPU
		{2BA7E3EE-A9C0-4270-8A20-3834C440F636}.Debug|Any CPU.Build.0 = Debug|Any CPU
		{2BA7E3EE-A9C0-4270-8A20-3834C440F636}.Release|Any CPU.ActiveCfg = Release|Any CPU
		{2BA7E3EE-A9C0-4270-8A20-3834C440F636}.Release|Any CPU.Build.0 = Release|Any CPU
	EndGlobalSection
	GlobalSection(SolutionProperties) = preSolution
		HideSolutionNode = FALSE
	EndGlobalSection
	GlobalSection(ExtensibilityGlobals) = postSolution
		SolutionGuid = {DC45206B-AEA2-4225-AA5E-1316694C7A22}
	EndGlobalSection
EndGlobal
